
Microsoft Visual Studio Solution File, Format Version 12.00
# Visual Studio Version 16
VisualStudioVersion = 16.0.30011.22
MinimumVisualStudioVersion = 10.0.40219.1
Project("{9A19103F-16F7-4668-BE54-9A1E7A4F7556}") = "PubSubSignalR", "PubSubServer\PubSubSignalR.csproj", "{07329B36-A8DA-4252-8827-53971BA76BDA}"
EndProject
Project("{FAE04EC0-301F-11D3-BF4B-00C04F79EFBC}") = "PubSub.HubClient", "PubSub.HubClient\PubSub.HubClient.csproj", "{99C78B28-BA76-4659-84C1-45A862F0ADA7}"
EndProject
Project("{E53339B2-1760-4266-BCC7-CA923CBCF16C}") = "docker-compose", "docker-compose.dcproj", "{D4EA8B44-4DE5-46A5-9170-07C38FC6973B}"
EndProject
Global
	GlobalSection(SolutionConfigurationPlatforms) = preSolution
		Debug|Any CPU = Debug|Any CPU
		Release|Any CPU = Release|Any CPU
	EndGlobalSection
	GlobalSection(ProjectConfigurationPlatforms) = postSolution
		{07329B36-A8DA-4252-8827-53971BA76BDA}.Debug|Any CPU.ActiveCfg = Debug|Any CPU
		{07329B36-A8DA-4252-8827-53971BA76BDA}.Debug|Any CPU.Build.0 = Debug|Any CPU
		{07329B36-A8DA-4252-8827-53971BA76BDA}.Release|Any CPU.ActiveCfg = Release|Any CPU
		{07329B36-A8DA-4252-8827-53971BA76BDA}.Release|Any CPU.Build.0 = Release|Any CPU
		{99C78B28-BA76-4659-84C1-45A862F0ADA7}.Debug|Any CPU.ActiveCfg = Debug|Any CPU
		{99C78B28-BA76-4659-84C1-45A862F0ADA7}.Debug|Any CPU.Build.0 = Debug|Any CPU
		{99C78B28-BA76-4659-84C1-45A862F0ADA7}.Release|Any CPU.ActiveCfg = Release|Any CPU
		{99C78B28-BA76-4659-84C1-45A862F0ADA7}.Release|Any CPU.Build.0 = Release|Any CPU
		{D4EA8B44-4DE5-46A5-9170-07C38FC6973B}.Debug|Any CPU.ActiveCfg = Debug|Any CPU
		{D4EA8B44-4DE5-46A5-9170-07C38FC6973B}.Debug|Any CPU.Build.0 = Debug|Any CPU
		{D4EA8B44-4DE5-46A5-9170-07C38FC6973B}.Release|Any CPU.ActiveCfg = Release|Any CPU
		{D4EA8B44-4DE5-46A5-9170-07C38FC6973B}.Release|Any CPU.Build.0 = Release|Any CPU
	EndGlobalSection
	GlobalSection(SolutionProperties) = preSolution
		HideSolutionNode = FALSE
	EndGlobalSection
	GlobalSection(ExtensibilityGlobals) = postSolution
		SolutionGuid = {C33BA4E7-C53B-4487-B2F8-C2BE8DF03EC8}
	EndGlobalSection
EndGlobal
